{
  "requires": true,
  "lockfileVersion": 1,
  "dependencies": {
    "@babel/runtime": {
      "version": "7.3.4",
      "resolved": "https://npm.groupondev.com:443/api/npm/npm-release/@babel/runtime/-/runtime-7.3.4.tgz",
      "integrity": "sha1-c9ErqBnjZfz3/RUq7VbW35fSHIM=",
      "requires": {
        "regenerator-runtime": "^0.12.0"
      }
    },
    "@material-ui/core": {
      "version": "3.9.2",
      "resolved": "https://npm.groupondev.com:443/api/npm/npm-release/@material-ui/core/-/core-3.9.2.tgz",
      "integrity": "sha1-Qe0aRw6YHRmYKetdkxemccZqb30=",
      "requires": {
        "@babel/runtime": "^7.2.0",
        "@material-ui/system": "^3.0.0-alpha.0",
        "@material-ui/utils": "^3.0.0-alpha.2",
        "@types/jss": "^9.5.6",
        "@types/react-transition-group": "^2.0.8",
        "brcast": "^3.0.1",
        "classnames": "^2.2.5",
        "csstype": "^2.5.2",
        "debounce": "^1.1.0",
        "deepmerge": "^3.0.0",
        "dom-helpers": "^3.2.1",
        "hoist-non-react-statics": "^3.2.1",
        "is-plain-object": "^2.0.4",
        "jss": "^9.8.7",
        "jss-camel-case": "^6.0.0",
        "jss-default-unit": "^8.0.2",
        "jss-global": "^3.0.0",
        "jss-nested": "^6.0.1",
        "jss-props-sort": "^6.0.0",
        "jss-vendor-prefixer": "^7.0.0",
        "normalize-scroll-left": "^0.1.2",
        "popper.js": "^1.14.1",
        "prop-types": "^15.6.0",
        "react-event-listener": "^0.6.2",
        "react-transition-group": "^2.2.1",
        "recompose": "0.28.0 - 0.30.0",
        "warning": "^4.0.1"
      },
      "dependencies": {
        "hoist-non-react-statics": {
          "version": "3.3.0",
          "resolved": "https://npm.groupondev.com:443/api/npm/npm-release/hoist-non-react-statics/-/hoist-non-react-statics-3.3.0.tgz",
          "integrity": "sha1-sJF48BIhhPuVrPUl2q7LTY9FlYs=",
          "requires": {
            "react-is": "^16.7.0"
          }
        }
      }
    },
    "@material-ui/icons": {
      "version": "3.0.2",
      "resolved": "https://npm.groupondev.com:443/api/npm/npm-release/@material-ui/icons/-/icons-3.0.2.tgz",
      "integrity": "sha1-1npt0eyDEtOojsl5RKY9ru8k/hA=",
      "requires": {
        "@babel/runtime": "^7.2.0",
        "recompose": "0.28.0 - 0.30.0"
      }
    },
    "@material-ui/system": {
      "version": "3.0.0-alpha.2",
      "resolved": "https://npm.groupondev.com:443/api/npm/npm-release/@material-ui/system/-/system-3.0.0-alpha.2.tgz",
      "integrity": "sha1-CW6AyLsPcK6kNbnjjqd0nud7TkY=",
      "requires": {
        "@babel/runtime": "^7.2.0",
        "deepmerge": "^3.0.0",
        "prop-types": "^15.6.0",
        "warning": "^4.0.1"
      }
    },
    "@material-ui/utils": {
      "version": "3.0.0-alpha.3",
      "resolved": "https://npm.groupondev.com:443/api/npm/npm-release/@material-ui/utils/-/utils-3.0.0-alpha.3.tgz",
      "integrity": "sha1-g2xi6kb1/8bwteoFq4FHBKhpCLE=",
      "requires": {
        "@babel/runtime": "^7.2.0",
        "prop-types": "^15.6.0",
        "react-is": "^16.6.3"
      }
    },
    "@types/jss": {
      "version": "9.5.8",
      "resolved": "https://npm.groupondev.com:443/api/npm/npm-release/@types/jss/-/jss-9.5.8.tgz",
      "integrity": "sha1-JYOR9CIRwEL8llUI1QXL3Febqls=",
      "requires": {
        "csstype": "^2.0.0",
        "indefinite-observable": "^1.0.1"
      }
    },
    "@types/prop-types": {
      "version": "15.7.0",
      "resolved": "https://npm.groupondev.com:443/api/npm/npm-release/@types/prop-types/-/prop-types-15.7.0.tgz",
      "integrity": "sha1-TEj+2VjW3PlIcZWg72RW1fbgFjo="
    },
    "@types/react": {
      "version": "16.8.8",
      "resolved": "https://npm.groupondev.com:443/api/npm/npm-release/@types/react/-/react-16.8.8.tgz",
      "integrity": "sha1-S2Ckaf0kafeqbqoPjPvFH2125mI=",
      "requires": {
        "@types/prop-types": "*",
        "csstype": "^2.2.0"
      }
    },
    "@types/react-transition-group": {
      "version": "2.0.16",
      "resolved": "https://npm.groupondev.com:443/api/npm/npm-release/@types/react-transition-group/-/react-transition-group-2.0.16.tgz",
      "integrity": "sha1-LcueOWqzhe4ZxK8cnKpGmhTNBC8=",
      "requires": {
        "@types/react": "*"
      }
    },
    "asap": {
      "version": "2.0.6",
      "resolved": "https://npm.groupondev.com:443/api/npm/npm-release/asap/-/asap-2.0.6.tgz",
      "integrity": "sha1-5QNHYR1+aQlDIIu9r+vLwvuGbUY="
    },
    "brcast": {
      "version": "3.0.1",
      "resolved": "https://npm.groupondev.com:443/api/npm/npm-release/brcast/-/brcast-3.0.1.tgz",
      "integrity": "sha1-YlaoNJsg3p7tRCV6myTXFJPNSN0="
    },
    "change-emitter": {
      "version": "0.1.6",
      "resolved": "https://npm.groupondev.com:443/api/npm/npm-release/change-emitter/-/change-emitter-0.1.6.tgz",
      "integrity": "sha1-6LL+PX8at9aaMhma/5HqaTFAlRU="
    },
    "classnames": {
      "version": "2.2.6",
      "resolved": "https://npm.groupondev.com:443/api/npm/npm-release/classnames/-/classnames-2.2.6.tgz",
      "integrity": "sha1-Q5Nb/90pHzJtrQogUwmzjQD2UM4="
    },
    "core-js": {
      "version": "1.2.7",
      "resolved": "https://npm.groupondev.com:443/api/npm/npm-release/core-js/-/core-js-1.2.7.tgz",
      "integrity": "sha1-ZSKUwUZR2yj6k70tX/KYOk8IxjY="
    },
    "css-vendor": {
      "version": "0.3.8",
      "resolved": "https://npm.groupondev.com:443/api/npm/npm-release/css-vendor/-/css-vendor-0.3.8.tgz",
      "integrity": "sha1-ZCHP0wNM5mT+dnOXL9ARn8KJQfo=",
      "requires": {
        "is-in-browser": "^1.0.2"
      }
    },
    "csstype": {
      "version": "2.6.3",
      "resolved": "https://npm.groupondev.com:443/api/npm/npm-release/csstype/-/csstype-2.6.3.tgz",
      "integrity": "sha1-twHlloJFv5sI1UrIPQC2JOYiqfo="
    },
    "debounce": {
      "version": "1.2.0",
      "resolved": "https://npm.groupondev.com:443/api/npm/npm-release/debounce/-/debounce-1.2.0.tgz",
      "integrity": "sha1-RKVAq8DqmUMBjcDqqVzOh/Zc0TE="
    },
    "deepmerge": {
      "version": "3.2.0",
      "resolved": "https://npm.groupondev.com:443/api/npm/npm-release/deepmerge/-/deepmerge-3.2.0.tgz",
      "integrity": "sha1-WO9GOlfAjTdlR/iGn9xbzulX9E4="
    },
    "dom-helpers": {
      "version": "3.4.0",
      "resolved": "https://npm.groupondev.com:443/api/npm/npm-release/dom-helpers/-/dom-helpers-3.4.0.tgz",
      "integrity": "sha1-6bNpcA+Vn2Ls3lprq95LzNkWmvg=",
      "requires": {
        "@babel/runtime": "^7.1.2"
      }
    },
    "encoding": {
      "version": "0.1.12",
      "resolved": "https://npm.groupondev.com:443/api/npm/npm-release/encoding/-/encoding-0.1.12.tgz",
      "integrity": "sha1-U4tm8+5izRq1HsMjgp0flIDHS+s=",
      "requires": {
        "iconv-lite": "~0.4.13"
      }
    },
    "fbjs": {
      "version": "0.8.17",
      "resolved": "https://npm.groupondev.com:443/api/npm/npm-release/fbjs/-/fbjs-0.8.17.tgz",
      "integrity": "sha1-xNWY6taUkRJlPWWIsBpc3Nn5D90=",
      "requires": {
        "core-js": "^1.0.0",
        "isomorphic-fetch": "^2.1.1",
        "loose-envify": "^1.0.0",
        "object-assign": "^4.1.0",
        "promise": "^7.1.1",
        "setimmediate": "^1.0.5",
        "ua-parser-js": "^0.7.18"
      }
    },
    "hoist-non-react-statics": {
      "version": "2.5.5",
      "resolved": "https://npm.groupondev.com:443/api/npm/npm-release/hoist-non-react-statics/-/hoist-non-react-statics-2.5.5.tgz",
      "integrity": "sha1-xZA89AnA39kI84jmGdhrnBF0y0c="
    },
    "hyphenate-style-name": {
      "version": "1.0.3",
      "resolved": "https://npm.groupondev.com:443/api/npm/npm-release/hyphenate-style-name/-/hyphenate-style-name-1.0.3.tgz",
      "integrity": "sha1-CXu3+guPGpzwvVxzTPlYmZgam0g="
    },
    "iconv-lite": {
      "version": "0.4.24",
      "resolved": "https://npm.groupondev.com:443/api/npm/npm-release/iconv-lite/-/iconv-lite-0.4.24.tgz",
      "integrity": "sha1-ICK0sl+93CHS9SSXSkdKr+czkIs=",
      "requires": {
        "safer-buffer": ">= 2.1.2 < 3"
      }
    },
    "indefinite-observable": {
      "version": "1.0.2",
      "resolved": "https://npm.groupondev.com:443/api/npm/npm-release/indefinite-observable/-/indefinite-observable-1.0.2.tgz",
      "integrity": "sha1-CjKHk6sjhdS53KI+qrSv5pNqc/g=",
      "requires": {
        "symbol-observable": "1.2.0"
      }
    },
    "is-in-browser": {
      "version": "1.1.3",
      "resolved": "https://npm.groupondev.com:443/api/npm/npm-release/is-in-browser/-/is-in-browser-1.1.3.tgz",
      "integrity": "sha1-Vv9NtoOgeMYILrldrX3GLh0E+DU="
    },
    "is-plain-object": {
      "version": "2.0.4",
      "resolved": "https://npm.groupondev.com:443/api/npm/npm-release/is-plain-object/-/is-plain-object-2.0.4.tgz",
      "integrity": "sha1-LBY7P6+xtgbZ0Xko8FwqHDjgdnc=",
      "requires": {
        "isobject": "^3.0.1"
      }
    },
    "is-stream": {
      "version": "1.1.0",
      "resolved": "https://npm.groupondev.com:443/api/npm/npm-release/is-stream/-/is-stream-1.1.0.tgz",
      "integrity": "sha1-EtSj3U5o4Lec6428hBc66A2RykQ="
    },
    "isobject": {
      "version": "3.0.1",
      "resolved": "https://npm.groupondev.com:443/api/npm/npm-release/isobject/-/isobject-3.0.1.tgz",
      "integrity": "sha1-TkMekrEalzFjaqH5yNHMvP2reN8="
    },
    "isomorphic-fetch": {
      "version": "2.2.1",
      "resolved": "https://npm.groupondev.com:443/api/npm/npm-release/isomorphic-fetch/-/isomorphic-fetch-2.2.1.tgz",
      "integrity": "sha1-YRrhrPFPXoH3KVB0coGf6XM1WKk=",
      "requires": {
        "node-fetch": "^1.0.1",
        "whatwg-fetch": ">=0.10.0"
      }
    },
    "js-tokens": {
      "version": "4.0.0",
      "resolved": "https://npm.groupondev.com:443/api/npm/npm-release/js-tokens/-/js-tokens-4.0.0.tgz",
      "integrity": "sha1-GSA/tZmR35jjoocFDUZHzerzJJk="
    },
    "jss": {
      "version": "9.8.7",
      "resolved": "https://npm.groupondev.com:443/api/npm/npm-release/jss/-/jss-9.8.7.tgz",
      "integrity": "sha1-7Zdj/A8vAmD8gmDaxlevYeYizgU=",
      "requires": {
        "is-in-browser": "^1.1.3",
        "symbol-observable": "^1.1.0",
        "warning": "^3.0.0"
      },
      "dependencies": {
        "warning": {
          "version": "3.0.0",
          "resolved": "https://npm.groupondev.com:443/api/npm/npm-release/warning/-/warning-3.0.0.tgz",
          "integrity": "sha1-MuU3fLVy3kqwR1O9+IIcAe1gW3w=",
          "requires": {
            "loose-envify": "^1.0.0"
          }
        }
      }
    },
    "jss-camel-case": {
      "version": "6.1.0",
      "resolved": "https://npm.groupondev.com:443/api/npm/npm-release/jss-camel-case/-/jss-camel-case-6.1.0.tgz",
      "integrity": "sha1-zLH/jWxwHAKh/tb7b7a3iW4RzkQ=",
      "requires": {
        "hyphenate-style-name": "^1.0.2"
      }
    },
    "jss-default-unit": {
      "version": "8.0.2",
      "resolved": "https://npm.groupondev.com:443/api/npm/npm-release/jss-default-unit/-/jss-default-unit-8.0.2.tgz",
      "integrity": "sha1-zB6Im65MC5QZMnsxSrHI4oJokOY="
    },
    "jss-global": {
      "version": "3.0.0",
      "resolved": "https://npm.groupondev.com:443/api/npm/npm-release/jss-global/-/jss-global-3.0.0.tgz",
      "integrity": "sha1-4Z5ckasrljU8In4wqiy9k4zar6I="
    },
    "jss-nested": {
      "version": "6.0.1",
      "resolved": "https://npm.groupondev.com:443/api/npm/npm-release/jss-nested/-/jss-nested-6.0.1.tgz",
      "integrity": "sha1-75kredbo9j2TnEOXudmbXLvoJMo=",
      "requires": {
        "warning": "^3.0.0"
      },
      "dependencies": {
        "warning": {
          "version": "3.0.0",
          "resolved": "https://npm.groupondev.com:443/api/npm/npm-release/warning/-/warning-3.0.0.tgz",
          "integrity": "sha1-MuU3fLVy3kqwR1O9+IIcAe1gW3w=",
          "requires": {
            "loose-envify": "^1.0.0"
          }
        }
      }
    },
    "jss-props-sort": {
      "version": "6.0.0",
      "resolved": "https://npm.groupondev.com:443/api/npm/npm-release/jss-props-sort/-/jss-props-sort-6.0.0.tgz",
      "integrity": "sha1-kQUQGjtQcfq2Hi2F6nTMIumxYyM="
    },
    "jss-vendor-prefixer": {
      "version": "7.0.0",
      "resolved": "https://npm.groupondev.com:443/api/npm/npm-release/jss-vendor-prefixer/-/jss-vendor-prefixer-7.0.0.tgz",
      "integrity": "sha1-AWZyllABXvGdnwJDfHNmcjFgXHE=",
      "requires": {
        "css-vendor": "^0.3.8"
      }
    },
    "loose-envify": {
      "version": "1.4.0",
      "resolved": "https://npm.groupondev.com:443/api/npm/npm-release/loose-envify/-/loose-envify-1.4.0.tgz",
      "integrity": "sha1-ce5R+nvkyuwaY4OffmgtgTLTDK8=",
      "requires": {
        "js-tokens": "^3.0.0 || ^4.0.0"
      }
    },
    "node-fetch": {
      "version": "1.7.3",
      "resolved": "https://npm.groupondev.com:443/api/npm/npm-release/node-fetch/-/node-fetch-1.7.3.tgz",
      "integrity": "sha1-mA9vcthSEaU0fGsrwYxbhMPrR+8=",
      "requires": {
        "encoding": "^0.1.11",
        "is-stream": "^1.0.1"
      }
    },
    "normalize-scroll-left": {
      "version": "0.1.2",
      "resolved": "https://npm.groupondev.com:443/api/npm/npm-release/normalize-scroll-left/-/normalize-scroll-left-0.1.2.tgz",
      "integrity": "sha1-a3lpG6eetfsQf6Xt+9wGtVyu4qo="
    },
    "object-assign": {
      "version": "4.1.1",
      "resolved": "https://npm.groupondev.com:443/api/npm/npm-release/object-assign/-/object-assign-4.1.1.tgz",
      "integrity": "sha1-IQmtx5ZYh8/AXLvUQsrIv7s2CGM="
    },
    "popper.js": {
      "version": "1.14.7",
      "resolved": "https://npm.groupondev.com:443/api/npm/npm-release/popper.js/-/popper.js-1.14.7.tgz",
      "integrity": "sha1-4x7AbPrGqXpTKAw+VeTgyGDnc44="
    },
    "promise": {
      "version": "7.3.1",
      "resolved": "https://npm.groupondev.com:443/api/npm/npm-release/promise/-/promise-7.3.1.tgz",
      "integrity": "sha1-BktyYCsY+Q8pGSuLG8QY/9Hr078=",
      "requires": {
        "asap": "~2.0.3"
      }
    },
    "prop-types": {
      "version": "15.7.2",
      "resolved": "https://npm.groupondev.com:443/api/npm/npm-release/prop-types/-/prop-types-15.7.2.tgz",
      "integrity": "sha1-UsQedbjIfnK52TYOAga5ncv/psU=",
      "requires": {
        "loose-envify": "^1.4.0",
        "object-assign": "^4.1.1",
        "react-is": "^16.8.1"
      }
    },
    "react-event-listener": {
      "version": "0.6.6",
      "resolved": "https://npm.groupondev.com:443/api/npm/npm-release/react-event-listener/-/react-event-listener-0.6.6.tgz",
      "integrity": "sha1-dY97mRytkIbdOf0p+tchJ+HYlio=",
      "requires": {
        "@babel/runtime": "^7.2.0",
        "prop-types": "^15.6.0",
        "warning": "^4.0.1"
      }
    },
    "react-is": {
      "version": "16.8.4",
      "resolved": "https://npm.groupondev.com:443/api/npm/npm-release/react-is/-/react-is-16.8.4.tgz",
      "integrity": "sha1-kPM2pow6KaCWo9ZIq4DofsYUgqI="
    },
    "react-lifecycles-compat": {
      "version": "3.0.4",
      "resolved": "https://npm.groupondev.com:443/api/npm/npm-release/react-lifecycles-compat/-/react-lifecycles-compat-3.0.4.tgz",
      "integrity": "sha1-TxonOv38jzSIqMUWv9p4+HI1I2I="
    },
    "react-transition-group": {
      "version": "2.6.1",
      "resolved": "https://npm.groupondev.com:443/api/npm/npm-release/react-transition-group/-/react-transition-group-2.6.1.tgz",
      "integrity": "sha1-q/SpXi8T+5uoOpcKiW/tvFxIVqI=",
      "requires": {
        "dom-helpers": "^3.3.1",
        "loose-envify": "^1.4.0",
        "prop-types": "^15.6.2",
        "react-lifecycles-compat": "^3.0.4"
      }
    },
    "recompose": {
      "version": "0.30.0",
      "resolved": "https://npm.groupondev.com:443/api/npm/npm-release/recompose/-/recompose-0.30.0.tgz",
      "integrity": "sha1-gnc2QbOSfox9JKDYfWWu66GKq9A=",
      "requires": {
        "@babel/runtime": "^7.0.0",
        "change-emitter": "^0.1.2",
        "fbjs": "^0.8.1",
        "hoist-non-react-statics": "^2.3.1",
        "react-lifecycles-compat": "^3.0.2",
        "symbol-observable": "^1.0.4"
      }
    },
    "regenerator-runtime": {
      "version": "0.12.1",
      "resolved": "https://npm.groupondev.com:443/api/npm/npm-release/regenerator-runtime/-/regenerator-runtime-0.12.1.tgz",
      "integrity": "sha1-+hpxVEdkwDb4xJsToIsllMn4oN4="
    },
    "safer-buffer": {
      "version": "2.1.2",
      "resolved": "https://npm.groupondev.com:443/api/npm/npm-release/safer-buffer/-/safer-buffer-2.1.2.tgz",
      "integrity": "sha1-RPoWGwGHuVSd2Eu5GAL5vYOFzWo="
    },
    "setimmediate": {
      "version": "1.0.5",
      "resolved": "https://npm.groupondev.com:443/api/npm/npm-release/setimmediate/-/setimmediate-1.0.5.tgz",
      "integrity": "sha1-KQy7Iy4waULX1+qbg3Mqt4VvgoU="
    },
    "symbol-observable": {
      "version": "1.2.0",
      "resolved": "https://npm.groupondev.com:443/api/npm/npm-release/symbol-observable/-/symbol-observable-1.2.0.tgz",
      "integrity": "sha1-wiaIrtTqs83C3+rLtWFmBWCgCAQ="
    },
    "ua-parser-js": {
      "version": "0.7.19",
      "resolved": "https://npm.groupondev.com:443/api/npm/npm-release/ua-parser-js/-/ua-parser-js-0.7.19.tgz",
      "integrity": "sha1-lBUb5MCn+x0AGvcCL9rKRkJlnks="
    },
    "warning": {
      "version": "4.0.3",
      "resolved": "https://npm.groupondev.com:443/api/npm/npm-release/warning/-/warning-4.0.3.tgz",
      "integrity": "sha1-Fungd+uKhtavfWSqHgX9hbRnjKM=",
      "requires": {
        "loose-envify": "^1.0.0"
      }
    },
    "whatwg-fetch": {
      "version": "3.0.0",
      "resolved": "https://npm.groupondev.com:443/api/npm/npm-release/whatwg-fetch/-/whatwg-fetch-3.0.0.tgz",
      "integrity": "sha1-/IBORYzEYACbGiuWa8iBfSV4rvs="
    }
  }
}
